
Microsoft Visual Studio Solution File, Format Version 12.00
# Visual Studio 15
VisualStudioVersion = 15.0.26430.13
MinimumVisualStudioVersion = 10.0.40219.1
Project("{FAE04EC0-301F-11D3-BF4B-00C04F79EFBC}") = "Concesionarios.Core", "Concesionarios.Core\Concesionarios.Core.csproj", "{06250E51-0843-4A1F-BEFE-019E8A8B8AA4}"
EndProject
Project("{FAE04EC0-301F-11D3-BF4B-00C04F79EFBC}") = "Concesionarios.DAL", "Concesionarios.DAL\Concesionarios.DAL.csproj", "{389CBE27-92C7-41CD-9F51-DE8868AC7A52}"
EndProject
Project("{FAE04EC0-301F-11D3-BF4B-00C04F79EFBC}") = "Concesionarios.Service", "Concesionarios.Service\Concesionarios.Service.csproj", "{CC7F2E22-9D75-4D07-BAEF-C77C8F76A6FD}"
EndProject
Project("{FAE04EC0-301F-11D3-BF4B-00C04F79EFBC}") = "Concesionarios.WebApi", "Concesionarios.WebApi\Concesionarios.WebApi.csproj", "{9E81A47D-3739-4499-BACC-873CB349D8E9}"
EndProject
Project("{FAE04EC0-301F-11D3-BF4B-00C04F79EFBC}") = "Concesionarios.WebApi.Tests", "Concesionarios.WebApi.Tests\Concesionarios.WebApi.Tests.csproj", "{AF70BCE8-8EDF-40D2-A767-FAD191F94CC9}"
EndProject
Project("{FAE04EC0-301F-11D3-BF4B-00C04F79EFBC}") = "Concesionarios.Web", "Concesionarios.Web\Concesionarios.Web.csproj", "{97CE2842-29A2-4495-8ED2-6201EB625450}"
EndProject
Global
	GlobalSection(SolutionConfigurationPlatforms) = preSolution
		Debug|Any CPU = Debug|Any CPU
		Release|Any CPU = Release|Any CPU
	EndGlobalSection
	GlobalSection(ProjectConfigurationPlatforms) = postSolution
		{06250E51-0843-4A1F-BEFE-019E8A8B8AA4}.Debug|Any CPU.ActiveCfg = Debug|Any CPU
		{06250E51-0843-4A1F-BEFE-019E8A8B8AA4}.Debug|Any CPU.Build.0 = Debug|Any CPU
		{06250E51-0843-4A1F-BEFE-019E8A8B8AA4}.Release|Any CPU.ActiveCfg = Release|Any CPU
		{06250E51-0843-4A1F-BEFE-019E8A8B8AA4}.Release|Any CPU.Build.0 = Release|Any CPU
		{389CBE27-92C7-41CD-9F51-DE8868AC7A52}.Debug|Any CPU.ActiveCfg = Debug|Any CPU
		{389CBE27-92C7-41CD-9F51-DE8868AC7A52}.Debug|Any CPU.Build.0 = Debug|Any CPU
		{389CBE27-92C7-41CD-9F51-DE8868AC7A52}.Release|Any CPU.ActiveCfg = Release|Any CPU
		{389CBE27-92C7-41CD-9F51-DE8868AC7A52}.Release|Any CPU.Build.0 = Release|Any CPU
		{CC7F2E22-9D75-4D07-BAEF-C77C8F76A6FD}.Debug|Any CPU.ActiveCfg = Debug|Any CPU
		{CC7F2E22-9D75-4D07-BAEF-C77C8F76A6FD}.Debug|Any CPU.Build.0 = Debug|Any CPU
		{CC7F2E22-9D75-4D07-BAEF-C77C8F76A6FD}.Release|Any CPU.ActiveCfg = Release|Any CPU
		{CC7F2E22-9D75-4D07-BAEF-C77C8F76A6FD}.Release|Any CPU.Build.0 = Release|Any CPU
		{9E81A47D-3739-4499-BACC-873CB349D8E9}.Debug|Any CPU.ActiveCfg = Debug|Any CPU
		{9E81A47D-3739-4499-BACC-873CB349D8E9}.Debug|Any CPU.Build.0 = Debug|Any CPU
		{9E81A47D-3739-4499-BACC-873CB349D8E9}.Release|Any CPU.ActiveCfg = Release|Any CPU
		{9E81A47D-3739-4499-BACC-873CB349D8E9}.Release|Any CPU.Build.0 = Release|Any CPU
		{AF70BCE8-8EDF-40D2-A767-FAD191F94CC9}.Debug|Any CPU.ActiveCfg = Debug|Any CPU
		{AF70BCE8-8EDF-40D2-A767-FAD191F94CC9}.Debug|Any CPU.Build.0 = Debug|Any CPU
		{AF70BCE8-8EDF-40D2-A767-FAD191F94CC9}.Release|Any CPU.ActiveCfg = Release|Any CPU
		{AF70BCE8-8EDF-40D2-A767-FAD191F94CC9}.Release|Any CPU.Build.0 = Release|Any CPU
		{97CE2842-29A2-4495-8ED2-6201EB625450}.Debug|Any CPU.ActiveCfg = Debug|Any CPU
		{97CE2842-29A2-4495-8ED2-6201EB625450}.Debug|Any CPU.Build.0 = Debug|Any CPU
		{97CE2842-29A2-4495-8ED2-6201EB625450}.Release|Any CPU.ActiveCfg = Release|Any CPU
		{97CE2842-29A2-4495-8ED2-6201EB625450}.Release|Any CPU.Build.0 = Release|Any CPU
	EndGlobalSection
	GlobalSection(SolutionProperties) = preSolution
		HideSolutionNode = FALSE
	EndGlobalSection
EndGlobal
